{
  "name": "3dengima",
  "version": "1.0.0",
  "lockfileVersion": 2,
  "requires": true,
  "packages": {
    "": {
      "name": "3dengima",
      "version": "1.0.0",
      "license": "ISC",
      "dependencies": {
        "@webgpu/types": "^0.1.21"
      },
      "devDependencies": {
        "gltf-loader-ts": "^0.3.1",
        "typescript": "^4.7.4"
      }
    },
    "node_modules/@webgpu/types": {
      "version": "0.1.21",
      "resolved": "https://registry.npmjs.org/@webgpu/types/-/types-0.1.21.tgz",
      "integrity": "sha512-pUrWq3V5PiSGFLeLxoGqReTZmiiXwY3jRkIG5sLLKjyqNxrwm/04b4nw7LSmGWJcKk59XOM/YRTUwOzo4MMlow=="
    },
    "node_modules/gltf-loader-ts": {
      "version": "0.3.1",
      "resolved": "https://registry.npmjs.org/gltf-loader-ts/-/gltf-loader-ts-0.3.1.tgz",
      "integrity": "sha512-GypLFqIDAEtl211fPyGA596Wz75R9eHEAMl+RQfQ8XQZb6Wks/1Aas6YuF/e/Xw57rULkefcBW/hsqLISkBBww==",
      "dev": true
    },
    "node_modules/typescript": {
      "version": "4.7.4",
      "resolved": "https://registry.npmjs.org/typescript/-/typescript-4.7.4.tgz",
      "integrity": "sha512-C0WQT0gezHuw6AdY1M2jxUO83Rjf0HP7Sk1DtXj6j1EwkQNZrHAg2XPWlq62oqEhYvONq5pkC2Y9oPljWToLmQ==",
      "dev": true,
      "bin": {
        "tsc": "bin/tsc",
        "tsserver": "bin/tsserver"
      },
      "engines": {
        "node": ">=4.2.0"
      }
    }
  },
  "dependencies": {
    "@webgpu/types": {
      "version": "0.1.21",
      "resolved": "https://registry.npmjs.org/@webgpu/types/-/types-0.1.21.tgz",
      "integrity": "sha512-pUrWq3V5PiSGFLeLxoGqReTZmiiXwY3jRkIG5sLLKjyqNxrwm/04b4nw7LSmGWJcKk59XOM/YRTUwOzo4MMlow=="
    },
    "gltf-loader-ts": {
      "version": "0.3.1",
      "resolved": "https://registry.npmjs.org/gltf-loader-ts/-/gltf-loader-ts-0.3.1.tgz",
      "integrity": "sha512-GypLFqIDAEtl211fPyGA596Wz75R9eHEAMl+RQfQ8XQZb6Wks/1Aas6YuF/e/Xw57rULkefcBW/hsqLISkBBww==",
      "dev": true
    },
    "typescript": {
      "version": "4.7.4",
      "resolved": "https://registry.npmjs.org/typescript/-/typescript-4.7.4.tgz",
      "integrity": "sha512-C0WQT0gezHuw6AdY1M2jxUO83Rjf0HP7Sk1DtXj6j1EwkQNZrHAg2XPWlq62oqEhYvONq5pkC2Y9oPljWToLmQ==",
      "dev": true
    }
  }
}
